
Microsoft Visual Studio Solution File, Format Version 12.00
# Visual Studio 15
Project("{FAE04EC0-301F-11D3-BF4B-00C04F79EFBC}") = "MVC", "MVC\MVC.csproj", "{93312795-D144-44A6-8A50-16755CC089E5}"
EndProject
Global
	GlobalSection(SolutionConfigurationPlatforms) = preSolution
		Debug|Any CPU = Debug|Any CPU
		Release|Any CPU = Release|Any CPU
	EndGlobalSection
	GlobalSection(ProjectConfigurationPlatforms) = postSolution
		{93312795-D144-44A6-8A50-16755CC089E5}.Debug|Any CPU.ActiveCfg = Debug|Any CPU
		{93312795-D144-44A6-8A50-16755CC089E5}.Debug|Any CPU.Build.0 = Debug|Any CPU
		{93312795-D144-44A6-8A50-16755CC089E5}.Release|Any CPU.ActiveCfg = Release|Any CPU
		{93312795-D144-44A6-8A50-16755CC089E5}.Release|Any CPU.Build.0 = Release|Any CPU
	EndGlobalSection
EndGlobal
