
Microsoft Visual Studio Solution File, Format Version 12.00
# Visual Studio 15
VisualStudioVersion = 15.0.28307.645
MinimumVisualStudioVersion = 10.0.40219.1
Project("{FAE04EC0-301F-11D3-BF4B-00C04F79EFBC}") = "5_JS", "5_JS\5_JS.csproj", "{B1437007-F515-485C-8189-F5422E3C8086}"
EndProject
Global
	GlobalSection(SolutionConfigurationPlatforms) = preSolution
		Debug|Any CPU = Debug|Any CPU
		Release|Any CPU = Release|Any CPU
	EndGlobalSection
	GlobalSection(ProjectConfigurationPlatforms) = postSolution
		{B1437007-F515-485C-8189-F5422E3C8086}.Debug|Any CPU.ActiveCfg = Debug|Any CPU
		{B1437007-F515-485C-8189-F5422E3C8086}.Debug|Any CPU.Build.0 = Debug|Any CPU
		{B1437007-F515-485C-8189-F5422E3C8086}.Release|Any CPU.ActiveCfg = Release|Any CPU
		{B1437007-F515-485C-8189-F5422E3C8086}.Release|Any CPU.Build.0 = Release|Any CPU
	EndGlobalSection
	GlobalSection(SolutionProperties) = preSolution
		HideSolutionNode = FALSE
	EndGlobalSection
	GlobalSection(ExtensibilityGlobals) = postSolution
		SolutionGuid = {4B0D56B4-6F88-4D58-900C-727E91378960}
	EndGlobalSection
EndGlobal
