
Microsoft Visual Studio Solution File, Format Version 12.00
# Visual Studio 15
VisualStudioVersion = 15.0.28307.645
MinimumVisualStudioVersion = 10.0.40219.1
Project("{FAE04EC0-301F-11D3-BF4B-00C04F79EFBC}") = "22_Core_MVC_RouterAtrib", "22_Core_MVC_RouterAtrib\22_Core_MVC_RouterAtrib.csproj", "{4DFC444D-6769-448D-AAD9-94E016E90F17}"
EndProject
Global
	GlobalSection(SolutionConfigurationPlatforms) = preSolution
		Debug|Any CPU = Debug|Any CPU
		Release|Any CPU = Release|Any CPU
	EndGlobalSection
	GlobalSection(ProjectConfigurationPlatforms) = postSolution
		{4DFC444D-6769-448D-AAD9-94E016E90F17}.Debug|Any CPU.ActiveCfg = Debug|Any CPU
		{4DFC444D-6769-448D-AAD9-94E016E90F17}.Debug|Any CPU.Build.0 = Debug|Any CPU
		{4DFC444D-6769-448D-AAD9-94E016E90F17}.Release|Any CPU.ActiveCfg = Release|Any CPU
		{4DFC444D-6769-448D-AAD9-94E016E90F17}.Release|Any CPU.Build.0 = Release|Any CPU
	EndGlobalSection
	GlobalSection(SolutionProperties) = preSolution
		HideSolutionNode = FALSE
	EndGlobalSection
	GlobalSection(ExtensibilityGlobals) = postSolution
		SolutionGuid = {672096E5-888F-4BA0-AE58-FB701C617CED}
	EndGlobalSection
EndGlobal
