
Microsoft Visual Studio Solution File, Format Version 12.00
# Visual Studio 15
VisualStudioVersion = 15.0.28307.902
MinimumVisualStudioVersion = 10.0.40219.1
Project("{FAE04EC0-301F-11D3-BF4B-00C04F79EFBC}") = "28", "28\28.csproj", "{D16C6BBE-5CD8-4F95-987A-81E2F4916772}"
EndProject
Global
	GlobalSection(SolutionConfigurationPlatforms) = preSolution
		Debug|Any CPU = Debug|Any CPU
		Release|Any CPU = Release|Any CPU
	EndGlobalSection
	GlobalSection(ProjectConfigurationPlatforms) = postSolution
		{D16C6BBE-5CD8-4F95-987A-81E2F4916772}.Debug|Any CPU.ActiveCfg = Debug|Any CPU
		{D16C6BBE-5CD8-4F95-987A-81E2F4916772}.Debug|Any CPU.Build.0 = Debug|Any CPU
		{D16C6BBE-5CD8-4F95-987A-81E2F4916772}.Release|Any CPU.ActiveCfg = Release|Any CPU
		{D16C6BBE-5CD8-4F95-987A-81E2F4916772}.Release|Any CPU.Build.0 = Release|Any CPU
	EndGlobalSection
	GlobalSection(SolutionProperties) = preSolution
		HideSolutionNode = FALSE
	EndGlobalSection
	GlobalSection(ExtensibilityGlobals) = postSolution
		SolutionGuid = {BBDA6321-36A0-4B41-9E39-EA771222A5ED}
	EndGlobalSection
EndGlobal
