
Microsoft Visual Studio Solution File, Format Version 12.00
# Visual Studio 15
VisualStudioVersion = 15.0.28307.645
MinimumVisualStudioVersion = 10.0.40219.1
Project("{FAE04EC0-301F-11D3-BF4B-00C04F79EFBC}") = "3_HTML_CSS_DOM", "3_HTML_CSS_DOM\3_HTML_CSS_DOM.csproj", "{020868DB-D2D6-4CBE-8DB2-E5BA629285E7}"
EndProject
Global
	GlobalSection(SolutionConfigurationPlatforms) = preSolution
		Debug|Any CPU = Debug|Any CPU
		Release|Any CPU = Release|Any CPU
	EndGlobalSection
	GlobalSection(ProjectConfigurationPlatforms) = postSolution
		{020868DB-D2D6-4CBE-8DB2-E5BA629285E7}.Debug|Any CPU.ActiveCfg = Debug|Any CPU
		{020868DB-D2D6-4CBE-8DB2-E5BA629285E7}.Debug|Any CPU.Build.0 = Debug|Any CPU
		{020868DB-D2D6-4CBE-8DB2-E5BA629285E7}.Release|Any CPU.ActiveCfg = Release|Any CPU
		{020868DB-D2D6-4CBE-8DB2-E5BA629285E7}.Release|Any CPU.Build.0 = Release|Any CPU
	EndGlobalSection
	GlobalSection(SolutionProperties) = preSolution
		HideSolutionNode = FALSE
	EndGlobalSection
	GlobalSection(ExtensibilityGlobals) = postSolution
		SolutionGuid = {6B27CEF2-F161-4B21-AE61-5ED396EE22AA}
	EndGlobalSection
EndGlobal
