
Microsoft Visual Studio Solution File, Format Version 12.00
# Visual Studio 15
VisualStudioVersion = 15.0.28307.645
MinimumVisualStudioVersion = 10.0.40219.1
Project("{FAE04EC0-301F-11D3-BF4B-00C04F79EFBC}") = "14_MVC_CONTROLLER_MODEL", "14_MVC_CONTROLLER_MODEL\14_MVC_CONTROLLER_MODEL.csproj", "{19161500-26D9-454E-8DB2-74A324F446C1}"
EndProject
Global
	GlobalSection(SolutionConfigurationPlatforms) = preSolution
		Debug|Any CPU = Debug|Any CPU
		Release|Any CPU = Release|Any CPU
	EndGlobalSection
	GlobalSection(ProjectConfigurationPlatforms) = postSolution
		{19161500-26D9-454E-8DB2-74A324F446C1}.Debug|Any CPU.ActiveCfg = Debug|Any CPU
		{19161500-26D9-454E-8DB2-74A324F446C1}.Debug|Any CPU.Build.0 = Debug|Any CPU
		{19161500-26D9-454E-8DB2-74A324F446C1}.Release|Any CPU.ActiveCfg = Release|Any CPU
		{19161500-26D9-454E-8DB2-74A324F446C1}.Release|Any CPU.Build.0 = Release|Any CPU
	EndGlobalSection
	GlobalSection(SolutionProperties) = preSolution
		HideSolutionNode = FALSE
	EndGlobalSection
	GlobalSection(ExtensibilityGlobals) = postSolution
		SolutionGuid = {BEF246EE-E9FA-4A49-B193-F4E04D8AF9BF}
	EndGlobalSection
EndGlobal
